
Microsoft Visual Studio Solution File, Format Version 12.00
# Visual Studio 2017
VisualStudioVersion = 12.0.21005.1
MinimumVisualStudioVersion = 10.0.40219.1
Project("{FAE04EC0-301F-11D3-BF4B-00C04F79EFBC}") = "WEB", "WEB\WEB.csproj", "{28BF2768-C915-4A8A-9B52-EC740F550FE2}"
EndProject
Project("{FAE04EC0-301F-11D3-BF4B-00C04F79EFBC}") = "WCFSRV", "WCFSRV\WCFSRV.csproj", "{DC3ECD0D-4362-47A3-B8BE-476807BA4710}"
EndProject
Project("{FAE04EC0-301F-11D3-BF4B-00C04F79EFBC}") = "WCFSERVICES", "WCFSERVICES\WCFSERVICES.csproj", "{785E118D-038F-4252-AF5D-AA312916DC9B}"
EndProject
Project("{FAE04EC0-301F-11D3-BF4B-00C04F79EFBC}") = "SHARED", "SHARED\SHARED.csproj", "{7AE5DA7A-A6C8-4D81-9D04-84CB60AE3C9C}"
EndProject
Project("{FAE04EC0-301F-11D3-BF4B-00C04F79EFBC}") = "ERROR", "ERRORLOG\ERROR.csproj", "{982D6122-9A7F-49CA-8696-C43C473ABFE8}"
EndProject
Project("{FAE04EC0-301F-11D3-BF4B-00C04F79EFBC}") = "DAL", "DAL\DAL.csproj", "{54BF66CE-DDA5-4932-9E32-DC2C0C125C3D}"
EndProject
Project("{FAE04EC0-301F-11D3-BF4B-00C04F79EFBC}") = "BAL", "BAL\BAL.csproj", "{FFB467E9-E3A3-4B2C-986A-82B553588F14}"
EndProject
Global
	GlobalSection(SolutionConfigurationPlatforms) = preSolution
		Debug|Any CPU = Debug|Any CPU
		Release|Any CPU = Release|Any CPU
	EndGlobalSection
	GlobalSection(ProjectConfigurationPlatforms) = postSolution
		{28BF2768-C915-4A8A-9B52-EC740F550FE2}.Debug|Any CPU.ActiveCfg = Debug|Any CPU
		{28BF2768-C915-4A8A-9B52-EC740F550FE2}.Debug|Any CPU.Build.0 = Debug|Any CPU
		{28BF2768-C915-4A8A-9B52-EC740F550FE2}.Release|Any CPU.ActiveCfg = Release|Any CPU
		{28BF2768-C915-4A8A-9B52-EC740F550FE2}.Release|Any CPU.Build.0 = Release|Any CPU
		{DC3ECD0D-4362-47A3-B8BE-476807BA4710}.Debug|Any CPU.ActiveCfg = Debug|Any CPU
		{DC3ECD0D-4362-47A3-B8BE-476807BA4710}.Debug|Any CPU.Build.0 = Debug|Any CPU
		{DC3ECD0D-4362-47A3-B8BE-476807BA4710}.Release|Any CPU.ActiveCfg = Release|Any CPU
		{DC3ECD0D-4362-47A3-B8BE-476807BA4710}.Release|Any CPU.Build.0 = Release|Any CPU
		{785E118D-038F-4252-AF5D-AA312916DC9B}.Debug|Any CPU.ActiveCfg = Debug|Any CPU
		{785E118D-038F-4252-AF5D-AA312916DC9B}.Debug|Any CPU.Build.0 = Debug|Any CPU
		{785E118D-038F-4252-AF5D-AA312916DC9B}.Release|Any CPU.ActiveCfg = Release|Any CPU
		{785E118D-038F-4252-AF5D-AA312916DC9B}.Release|Any CPU.Build.0 = Release|Any CPU
		{7AE5DA7A-A6C8-4D81-9D04-84CB60AE3C9C}.Debug|Any CPU.ActiveCfg = Debug|Any CPU
		{7AE5DA7A-A6C8-4D81-9D04-84CB60AE3C9C}.Debug|Any CPU.Build.0 = Debug|Any CPU
		{7AE5DA7A-A6C8-4D81-9D04-84CB60AE3C9C}.Release|Any CPU.ActiveCfg = Release|Any CPU
		{7AE5DA7A-A6C8-4D81-9D04-84CB60AE3C9C}.Release|Any CPU.Build.0 = Release|Any CPU
		{982D6122-9A7F-49CA-8696-C43C473ABFE8}.Debug|Any CPU.ActiveCfg = Debug|Any CPU
		{982D6122-9A7F-49CA-8696-C43C473ABFE8}.Debug|Any CPU.Build.0 = Debug|Any CPU
		{982D6122-9A7F-49CA-8696-C43C473ABFE8}.Release|Any CPU.ActiveCfg = Release|Any CPU
		{982D6122-9A7F-49CA-8696-C43C473ABFE8}.Release|Any CPU.Build.0 = Release|Any CPU
		{54BF66CE-DDA5-4932-9E32-DC2C0C125C3D}.Debug|Any CPU.ActiveCfg = Debug|Any CPU
		{54BF66CE-DDA5-4932-9E32-DC2C0C125C3D}.Debug|Any CPU.Build.0 = Debug|Any CPU
		{54BF66CE-DDA5-4932-9E32-DC2C0C125C3D}.Release|Any CPU.ActiveCfg = Release|Any CPU
		{54BF66CE-DDA5-4932-9E32-DC2C0C125C3D}.Release|Any CPU.Build.0 = Release|Any CPU
		{FFB467E9-E3A3-4B2C-986A-82B553588F14}.Debug|Any CPU.ActiveCfg = Debug|Any CPU
		{FFB467E9-E3A3-4B2C-986A-82B553588F14}.Debug|Any CPU.Build.0 = Debug|Any CPU
		{FFB467E9-E3A3-4B2C-986A-82B553588F14}.Release|Any CPU.ActiveCfg = Release|Any CPU
		{FFB467E9-E3A3-4B2C-986A-82B553588F14}.Release|Any CPU.Build.0 = Release|Any CPU
	EndGlobalSection
	GlobalSection(SolutionProperties) = preSolution
		HideSolutionNode = FALSE
	EndGlobalSection
EndGlobal
